// !$*UTF8*$!
{
	archiveVersion = 1;
	classes = {
	};
	objectVersion = 46;
	objects = {

/* Begin PBXBuildFile section */
		81B4759B1B32026B00714DA2 /* main.m in Sources */ = {isa = PBXBuildFile; fileRef = 81B4759A1B32026B00714DA2 /* main.m */; };
		81B4759E1B32026B00714DA2 /* AppDelegate.m in Sources */ = {isa = PBXBuildFile; fileRef = 81B4759D1B32026B00714DA2 /* AppDelegate.m */; };
		81B475A11B32026B00714DA2 /* ViewController.m in Sources */ = {isa = PBXBuildFile; fileRef = 81B475A01B32026B00714DA2 /* ViewController.m */; };
		81B475A41B32026B00714DA2 /* Main.storyboard in Resources */ = {isa = PBXBuildFile; fileRef = 81B475A21B32026B00714DA2 /* Main.storyboard */; };
		81B475A61B32026B00714DA2 /* Images.xcassets in Resources */ = {isa = PBXBuildFile; fileRef = 81B475A51B32026B00714DA2 /* Images.xcassets */; };
		81B475A91B32026B00714DA2 /* LaunchScreen.xib in Resources */ = {isa = PBXBuildFile; fileRef = 81B475A71B32026B00714DA2 /* LaunchScreen.xib */; };
		81B475B51B32026B00714DA2 /* CollectionViewAppTests.m in Sources */ = {isa = PBXBuildFile; fileRef = 81B475B41B32026B00714DA2 /* CollectionViewAppTests.m */; };
/* End PBXBuildFile section */

/* Begin PBXContainerItemProxy section */
		81B475AF1B32026B00714DA2 /* PBXContainerItemProxy */ = {
			isa = PBXContainerItemProxy;
			containerPortal = 81B4758D1B32026B00714DA2 /* Project object */;
			proxyType = 1;
			remoteGlobalIDString = 81B475941B32026B00714DA2;
			remoteInfo = CollectionViewApp;
		};
/* End PBXContainerItemProxy section */

/* Begin PBXFileReference section */
		81B475951B32026B00714DA2 /* CollectionViewApp.app */ = {isa = PBXFileReference; explicitFileType = wrapper.application; includeInIndex = 0; path = CollectionViewApp.app; sourceTree = BUILT_PRODUCTS_DIR; };
		81B475991B32026B00714DA2 /* Info.plist */ = {isa = PBXFileReference; lastKnownFileType = text.plist.xml; path = Info.plist; sourceTree = "<group>"; };
		81B4759A1B32026B00714DA2 /* main.m */ = {isa = PBXFileReference; lastKnownFileType = sourcecode.c.objc; path = main.m; sourceTree = "<group>"; };
		81B4759C1B32026B00714DA2 /* AppDelegate.h */ = {isa = PBXFileReference; lastKnownFileType = sourcecode.c.h; path = AppDelegate.h; sourceTree = "<group>"; };
		81B4759D1B32026B00714DA2 /* AppDelegate.m */ = {isa = PBXFileReference; lastKnownFileType = sourcecode.c.objc; path = AppDelegate.m; sourceTree = "<group>"; };
		81B4759F1B32026B00714DA2 /* ViewController.h */ = {isa = PBXFileReference; lastKnownFileType = sourcecode.c.h; path = ViewController.h; sourceTree = "<group>"; };
		81B475A01B32026B00714DA2 /* ViewController.m */ = {isa = PBXFileReference; lastKnownFileType = sourcecode.c.objc; path = ViewController.m; sourceTree = "<group>"; };
		81B475A31B32026B00714DA2 /* Base */ = {isa = PBXFileReference; lastKnownFileType = file.storyboard; name = Base; path = Base.lproj/Main.storyboard; sourceTree = "<group>"; };
		81B475A51B32026B00714DA2 /* Images.xcassets */ = {isa = PBXFileReference; lastKnownFileType = folder.assetcatalog; path = Images.xcassets; sourceTree = "<group>"; };
		81B475A81B32026B00714DA2 /* Base */ = {isa = PBXFileReference; lastKnownFileType = file.xib; name = Base; path = Base.lproj/LaunchScreen.xib; sourceTree = "<group>"; };
		81B475AE1B32026B00714DA2 /* CollectionViewAppTests.xctest */ = {isa = PBXFileReference; explicitFileType = wrapper.cfbundle; includeInIndex = 0; path = CollectionViewAppTests.xctest; sourceTree = BUILT_PRODUCTS_DIR; };
		81B475B31B32026B00714DA2 /* Info.plist */ = {isa = PBXFileReference; lastKnownFileType = text.plist.xml; path = Info.plist; sourceTree = "<group>"; };
		81B475B41B32026B00714DA2 /* CollectionViewAppTests.m */ = {isa = PBXFileReference; lastKnownFileType = sourcecode.c.objc; path = CollectionViewAppTests.m; sourceTree = "<group>"; };
/* End PBXFileReference section */

/* Begin PBXFrameworksBuildPhase section */
		81B475921B32026B00714DA2 /* Frameworks */ = {
			isa = PBXFrameworksBuildPhase;
			buildActionMask = 2147483647;
			files = (
			);
			runOnlyForDeploymentPostprocessing = 0;
		};
		81B475AB1B32026B00714DA2 /* Frameworks */ = {
			isa = PBXFrameworksBuildPhase;
			buildActionMask = 2147483647;
			files = (
			);
			runOnlyForDeploymentPostprocessing = 0;
		};
/* End PBXFrameworksBuildPhase section */

/* Begin PBXGroup section */
		81B4758C1B32026B00714DA2 = {
			isa = PBXGroup;
			children = (
				81B475971B32026B00714DA2 /* CollectionViewApp */,
				81B475B11B32026B00714DA2 /* CollectionViewAppTests */,
				81B475961B32026B00714DA2 /* Products */,
			);
			sourceTree = "<group>";
		};
		81B475961B32026B00714DA2 /* Products */ = {
			isa = PBXGroup;
			children = (
				81B475951B32026B00714DA2 /* CollectionViewApp.app */,
				81B475AE1B32026B00714DA2 /* CollectionViewAppTests.xctest */,
			);
			name = Products;
			sourceTree = "<group>";
		};
		81B475971B32026B00714DA2 /* CollectionViewApp */ = {
			isa = PBXGroup;
			children = (
				81B4759C1B32026B00714DA2 /* AppDelegate.h */,
				81B4759D1B32026B00714DA2 /* AppDelegate.m */,
				81B4759F1B32026B00714DA2 /* ViewController.h */,
				81B475A01B32026B00714DA2 /* ViewController.m */,
				81B475A21B32026B00714DA2 /* Main.storyboard */,
				81B475A51B32026B00714DA2 /* Images.xcassets */,
				81B475A71B32026B00714DA2 /* LaunchScreen.xib */,
				81B475981B32026B00714DA2 /* Supporting Files */,
			);
			path = CollectionViewApp;
			sourceTree = "<group>";
		};
		81B475981B32026B00714DA2 /* Supporting Files */ = {
			isa = PBXGroup;
			children = (
				81B475991B32026B00714DA2 /* Info.plist */,
				81B4759A1B32026B00714DA2 /* main.m */,
			);
			name = "Supporting Files";
			sourceTree = "<group>";
		};
		81B475B11B32026B00714DA2 /* CollectionViewAppTests */ = {
			isa = PBXGroup;
			children = (
				81B475B41B32026B00714DA2 /* CollectionViewAppTests.m */,
				81B475B21B32026B00714DA2 /* Supporting Files */,
			);
			path = CollectionViewAppTests;
			sourceTree = "<group>";
		};
		81B475B21B32026B00714DA2 /* Supporting Files */ = {
			isa = PBXGroup;
			children = (
				81B475B31B32026B00714DA2 /* Info.plist */,
			);
			name = "Supporting Files";
			sourceTree = "<group>";
		};
/* End PBXGroup section */

/* Begin PBXNativeTarget section */
		81B475941B32026B00714DA2 /* CollectionViewApp */ = {
			isa = PBXNativeTarget;
			buildConfigurationList = 81B475B81B32026B00714DA2 /* Build configuration list for PBXNativeTarget "CollectionViewApp" */;
			buildPhases = (
				81B475911B32026B00714DA2 /* Sources */,
				81B475921B32026B00714DA2 /* Frameworks */,
				81B475931B32026B00714DA2 /* Resources */,
			);
			buildRules = (
			);
			dependencies = (
			);
			name = CollectionViewApp;
			productName = CollectionViewApp;
			productReference = 81B475951B32026B00714DA2 /* CollectionViewApp.app */;
			productType = "com.apple.product-type.application";
		};
		81B475AD1B32026B00714DA2 /* CollectionViewAppTests */ = {
			isa = PBXNativeTarget;
			buildConfigurationList = 81B475BB1B32026B00714DA2 /* Build configuration list for PBXNativeTarget "CollectionViewAppTests" */;
			buildPhases = (
				81B475AA1B32026B00714DA2 /* Sources */,
				81B475AB1B32026B00714DA2 /* Frameworks */,
				81B475AC1B32026B00714DA2 /* Resources */,
			);
			buildRules = (
			);
			dependencies = (
				81B475B01B32026B00714DA2 /* PBXTargetDependency */,
			);
			name = CollectionViewAppTests;
			productName = CollectionViewAppTests;
			productReference = 81B475AE1B32026B00714DA2 /* CollectionViewAppTests.xctest */;
			productType = "com.apple.product-type.bundle.unit-test";
		};
/* End PBXNativeTarget section */

/* Begin PBXProject section */
		81B4758D1B32026B00714DA2 /* Project object */ = {
			isa = PBXProject;
			attributes = {
				LastUpgradeCheck = 0630;
				ORGANIZATIONNAME = Pranav;
				TargetAttributes = {
					81B475941B32026B00714DA2 = {
						CreatedOnToolsVersion = 6.3;
					};
					81B475AD1B32026B00714DA2 = {
						CreatedOnToolsVersion = 6.3;
						TestTargetID = 81B475941B32026B00714DA2;
					};
				};
			};
			buildConfigurationList = 81B475901B32026B00714DA2 /* Build configuration list for PBXProject "CollectionViewApp" */;
			compatibilityVersion = "Xcode 3.2";
			developmentRegion = English;
			hasScannedForEncodings = 0;
			knownRegions = (
				en,
				Base,
			);
			mainGroup = 81B4758C1B32026B00714DA2;
			productRefGroup = 81B475961B32026B00714DA2 /* Products */;
			projectDirPath = "";
			projectRoot = "";
			targets = (
				81B475941B32026B00714DA2 /* CollectionViewApp */,
				81B475AD1B32026B00714DA2 /* CollectionViewAppTests */,
			);
		};
/* End PBXProject section */

/* Begin PBXResourcesBuildPhase section */
		81B475931B32026B00714DA2 /* Resources */ = {
			isa = PBXResourcesBuildPhase;
			buildActionMask = 2147483647;
			files = (
				81B475A41B32026B00714DA2 /* Main.storyboard in Resources */,
				81B475A91B32026B00714DA2 /* LaunchScreen.xib in Resources */,
				81B475A61B32026B00714DA2 /* Images.xcassets in Resources */,
			);
			runOnlyForDeploymentPostprocessing = 0;
		};
		81B475AC1B32026B00714DA2 /* Resources */ = {
			isa = PBXResourcesBuildPhase;
			buildActionMask = 2147483647;
			files = (
			);
			runOnlyForDeploymentPostprocessing = 0;
		};
/* End PBXResourcesBuildPhase section */

/* Begin PBXSourcesBuildPhase section */
		81B475911B32026B00714DA2 /* Sources */ = {
			isa = PBXSourcesBuildPhase;
			buildActionMask = 2147483647;
			files = (
				81B475A11B32026B00714DA2 /* ViewController.m in Sources */,
				81B4759E1B32026B00714DA2 /* AppDelegate.m in Sources */,
				81B4759B1B32026B00714DA2 /* main.m in Sources */,
			);
			runOnlyForDeploymentPostprocessing = 0;
		};
		81B475AA1B32026B00714DA2 /* Sources */ = {
			isa = PBXSourcesBuildPhase;
			buildActionMask = 2147483647;
			files = (
				81B475B51B32026B00714DA2 /* CollectionViewAppTests.m in Sources */,
			);
			runOnlyForDeploymentPostprocessing = 0;
		};
/* End PBXSourcesBuildPhase section */

/* Begin PBXTargetDependency section */
		81B475B01B32026B00714DA2 /* PBXTargetDependency */ = {
			isa = PBXTargetDependency;
			target = 81B475941B32026B00714DA2 /* CollectionViewApp */;
			targetProxy = 81B475AF1B32026B00714DA2 /* PBXContainerItemProxy */;
		};
/* End PBXTargetDependency section */

/* Begin PBXVariantGroup section */
		81B475A21B32026B00714DA2 /* Main.storyboard */ = {
			isa = PBXVariantGroup;
			children = (
				81B475A31B32026B00714DA2 /* Base */,
			);
			name = Main.storyboard;
			sourceTree = "<group>";
		};
		81B475A71B32026B00714DA2 /* LaunchScreen.xib */ = {
			isa = PBXVariantGroup;
			children = (
				81B475A81B32026B00714DA2 /* Base */,
			);
			name = LaunchScreen.xib;
			sourceTree = "<group>";
		};
/* End PBXVariantGroup section */

/* Begin XCBuildConfiguration section */
		81B475B61B32026B00714DA2 /* Debug */ = {
			isa = XCBuildConfiguration;
			buildSettings = {
				ALWAYS_SEARCH_USER_PATHS = NO;
				CLANG_CXX_LANGUAGE_STANDARD = "gnu++0x";
				CLANG_CXX_LIBRARY = "libc++";
				CLANG_ENABLE_MODULES = YES;
				CLANG_ENABLE_OBJC_ARC = YES;
				CLANG_WARN_BOOL_CONVERSION = YES;
				CLANG_WARN_CONSTANT_CONVERSION = YES;
				CLANG_WARN_DIRECT_OBJC_ISA_USAGE = YES_ERROR;
				CLANG_WARN_EMPTY_BODY = YES;
				CLANG_WARN_ENUM_CONVERSION = YES;
				CLANG_WARN_INT_CONVERSION = YES;
				CLANG_WARN_OBJC_ROOT_CLASS = YES_ERROR;
				CLANG_WARN_UNREACHABLE_CODE = YES;
				CLANG_WARN__DUPLICATE_METHOD_MATCH = YES;
				"CODE_SIGN_IDENTITY[sdk=iphoneos*]" = "iPhone Developer";
				COPY_PHASE_STRIP = NO;
				DEBUG_INFORMATION_FORMAT = "dwarf-with-dsym";
				ENABLE_STRICT_OBJC_MSGSEND = YES;
				GCC_C_LANGUAGE_STANDARD = gnu99;
				GCC_DYNAMIC_NO_PIC = NO;
				GCC_NO_COMMON_BLOCKS = YES;
				GCC_OPTIMIZATION_LEVEL = 0;
				GCC_PREPROCESSOR_DEFINITIONS = (
					"DEBUG=1",
					"$(inherited)",
				);
				GCC_SYMBOLS_PRIVATE_EXTERN = NO;
				GCC_WARN_64_TO_32_BIT_CONVERSION = YES;
				GCC_WARN_ABOUT_RETURN_TYPE = YES_ERROR;
				GCC_WARN_UNDECLARED_SELECTOR = YES;
				GCC_WARN_UNINITIALIZED_AUTOS = YES_AGGRESSIVE;
				GCC_WARN_UNUSED_FUNCTION = YES;
				GCC_WARN_UNUSED_VARIABLE = YES;
				IPHONEOS_DEPLOYMENT_TARGET = 8.3;
				MTL_ENABLE_DEBUG_INFO = YES;
				ONLY_ACTIVE_ARCH = YES;
				SDKROOT = iphoneos;
			};
			name = Debug;
		};
		81B475B71B32026B00714DA2 /* Release */ = {
			isa = XCBuildConfiguration;
			buildSettings = {
				ALWAYS_SEARCH_USER_PATHS = NO;
				CLANG_CXX_LANGUAGE_STANDARD = "gnu++0x";
				CLANG_CXX_LIBRARY = "libc++";
				CLANG_ENABLE_MODULES = YES;
				CLANG_ENABLE_OBJC_ARC = YES;
				CLANG_WARN_BOOL_CONVERSION = YES;
				CLANG_WARN_CONSTANT_CONVERSION = YES;
				CLANG_WARN_DIRECT_OBJC_ISA_USAGE = YES_ERROR;
				CLANG_WARN_EMPTY_BODY = YES;
				CLANG_WARN_ENUM_CONVERSION = YES;
				CLANG_WARN_INT_CONVERSION = YES;
				CLANG_WARN_OBJC_ROOT_CLASS = YES_ERROR;
				CLANG_WARN_UNREACHABLE_CODE = YES;
				CLANG_WARN__DUPLICATE_METHOD_MATCH = YES;
				"CODE_SIGN_IDENTITY[sdk=iphoneos*]" = "iPhone Developer";
				COPY_PHASE_STRIP = NO;
				DEBUG_INFORMATION_FORMAT = "dwarf-with-dsym";
				ENABLE_NS_ASSERTIONS = NO;
				ENABLE_STRICT_OBJC_MSGSEND = YES;
				GCC_C_LANGUAGE_STANDARD = gnu99;
				GCC_NO_COMMON_BLOCKS = YES;
				GCC_WARN_64_TO_32_BIT_CONVERSION = YES;
				GCC_WARN_ABOUT_RETURN_TYPE = YES_ERROR;
				GCC_WARN_UNDECLARED_SELECTOR = YES;
				GCC_WARN_UNINITIALIZED_AUTOS = YES_AGGRESSIVE;
				GCC_WARN_UNUSED_FUNCTION = YES;
				GCC_WARN_UNUSED_VARIABLE = YES;
				IPHONEOS_DEPLOYMENT_TARGET = 8.3;
				MTL_ENABLE_DEBUG_INFO = NO;
				SDKROOT = iphoneos;
				VALIDATE_PRODUCT = YES;
			};
			name = Release;
		};
		81B475B91B32026B00714DA2 /* Debug */ = {
			isa = XCBuildConfiguration;
			buildSettings = {
				ASSETCATALOG_COMPILER_APPICON_NAME = AppIcon;
				INFOPLIST_FILE = CollectionViewApp/Info.plist;
				LD_RUNPATH_SEARCH_PATHS = "$(inherited) @executable_path/Frameworks";
				PRODUCT_NAME = "$(TARGET_NAME)";
			};
			name = Debug;
		};
		81B475BA1B32026B00714DA2 /* Release */ = {
			isa = XCBuildConfiguration;
			buildSettings = {
				ASSETCATALOG_COMPILER_APPICON_NAME = AppIcon;
				INFOPLIST_FILE = CollectionViewApp/Info.plist;
				LD_RUNPATH_SEARCH_PATHS = "$(inherited) @executable_path/Frameworks";
				PRODUCT_NAME = "$(TARGET_NAME)";
			};
			name = Release;
		};
		81B475BC1B32026B00714DA2 /* Debug */ = {
			isa = XCBuildConfiguration;
			buildSettings = {
				BUNDLE_LOADER = "$(TEST_HOST)";
				FRAMEWORK_SEARCH_PATHS = (
					"$(SDKROOT)/Developer/Library/Frameworks",
					"$(inherited)",
				);
				GCC_PREPROCESSOR_DEFINITIONS = (
					"DEBUG=1",
					"$(inherited)",
				);
				INFOPLIST_FILE = CollectionViewAppTests/Info.plist;
				LD_RUNPATH_SEARCH_PATHS = "$(inherited) @executable_path/Frameworks @loader_path/Frameworks";
				PRODUCT_NAME = "$(TARGET_NAME)";
				TEST_HOST = "$(BUILT_PRODUCTS_DIR)/CollectionViewApp.app/CollectionViewApp";
			};
			name = Debug;
		};
		81B475BD1B32026B00714DA2 /* Release */ = {
			isa = XCBuildConfiguration;
			buildSettings = {
				BUNDLE_LOADER = "$(TEST_HOST)";
				FRAMEWORK_SEARCH_PATHS = (
					"$(SDKROOT)/Developer/Library/Frameworks",
					"$(inherited)",
				);
				INFOPLIST_FILE = CollectionViewAppTests/Info.plist;
				LD_RUNPATH_SEARCH_PATHS = "$(inherited) @executable_path/Frameworks @loader_path/Frameworks";
				PRODUCT_NAME = "$(TARGET_NAME)";
				TEST_HOST = "$(BUILT_PRODUCTS_DIR)/CollectionViewApp.app/CollectionViewApp";
			};
			name = Release;
		};
/* End XCBuildConfiguration section */

/* Begin XCConfigurationList section */
		81B475901B32026B00714DA2 /* Build configuration list for PBXProject "CollectionViewApp" */ = {
			isa = XCConfigurationList;
			buildConfigurations = (
				81B475B61B32026B00714DA2 /* Debug */,
				81B475B71B32026B00714DA2 /* Release */,
			);
			defaultConfigurationIsVisible = 0;
			defaultConfigurationName = Release;
		};
		81B475B81B32026B00714DA2 /* Build configuration list for PBXNativeTarget "CollectionViewApp" */ = {
			isa = XCConfigurationList;
			buildConfigurations = (
				81B475B91B32026B00714DA2 /* Debug */,
				81B475BA1B32026B00714DA2 /* Release */,
			);
			defaultConfigurationIsVisible = 0;
		};
		81B475BB1B32026B00714DA2 /* Build configuration list for PBXNativeTarget "CollectionViewAppTests" */ = {
			isa = XCConfigurationList;
			buildConfigurations = (
				81B475BC1B32026B00714DA2 /* Debug */,
				81B475BD1B32026B00714DA2 /* Release */,
			);
			defaultConfigurationIsVisible = 0;
		};
/* End XCConfigurationList section */
	};
	rootObject = 81B4758D1B32026B00714DA2 /* Project object */;
}
